
Microsoft Visual Studio Solution File, Format Version 12.00
# Visual Studio Version 17
VisualStudioVersion = 17.13.35913.81 d17.13
MinimumVisualStudioVersion = 10.0.40219.1
Project("{FAE04EC0-301F-11D3-BF4B-00C04F79EFBC}") = "form_for_students", "form_for_students\form_for_students.csproj", "{70722B39-9553-47D4-A19C-9B8D1C72D34F}"
EndProject
Global
	GlobalSection(SolutionConfigurationPlatforms) = preSolution
		Debug|Any CPU = Debug|Any CPU
		Release|Any CPU = Release|Any CPU
	EndGlobalSection
	GlobalSection(ProjectConfigurationPlatforms) = postSolution
		{70722B39-9553-47D4-A19C-9B8D1C72D34F}.Debug|Any CPU.ActiveCfg = Debug|Any CPU
		{70722B39-9553-47D4-A19C-9B8D1C72D34F}.Debug|Any CPU.Build.0 = Debug|Any CPU
		{70722B39-9553-47D4-A19C-9B8D1C72D34F}.Release|Any CPU.ActiveCfg = Release|Any CPU
		{70722B39-9553-47D4-A19C-9B8D1C72D34F}.Release|Any CPU.Build.0 = Release|Any CPU
	EndGlobalSection
	GlobalSection(SolutionProperties) = preSolution
		HideSolutionNode = FALSE
	EndGlobalSection
	GlobalSection(ExtensibilityGlobals) = postSolution
		SolutionGuid = {EBE5FCB6-2152-48B1-9ED8-B414AEA66825}
	EndGlobalSection
EndGlobal
